Microsoft Visual Studio Solution File, Format Version 12.00
# Visual Studio Version 17
VisualStudioVersion = 17.5.2.0
MinimumVisualStudioVersion = 10.0.40219.1
Project("{FAE04EC0-301F-11D3-BF4B-00C04F79EFBC}") = "SiteUsicode", "SiteUsicode.csproj", "{BEDEC9DB-1FE3-0874-AB9C-CCDE1FAEEFE1}"
EndProject
Global
	GlobalSection(SolutionConfigurationPlatforms) = preSolution
		Debug|Any CPU = Debug|Any CPU
		Release|Any CPU = Release|Any CPU
	EndGlobalSection
	GlobalSection(ProjectConfigurationPlatforms) = postSolution
		{BEDEC9DB-1FE3-0874-AB9C-CCDE1FAEEFE1}.Debug|Any CPU.ActiveCfg = Debug|Any CPU
		{BEDEC9DB-1FE3-0874-AB9C-CCDE1FAEEFE1}.Debug|Any CPU.Build.0 = Debug|Any CPU
		{BEDEC9DB-1FE3-0874-AB9C-CCDE1FAEEFE1}.Release|Any CPU.ActiveCfg = Release|Any CPU
		{BEDEC9DB-1FE3-0874-AB9C-CCDE1FAEEFE1}.Release|Any CPU.Build.0 = Release|Any CPU
	EndGlobalSection
	GlobalSection(SolutionProperties) = preSolution
		HideSolutionNode = FALSE
	EndGlobalSection
	GlobalSection(ExtensibilityGlobals) = postSolution
		SolutionGuid = {CFF5CCA7-D43A-42B5-806A-3DE02420D039}
	EndGlobalSection
EndGlobal
